
Microsoft Visual Studio Solution File, Format Version 12.00
# Visual Studio Version 16
VisualStudioVersion = 16.0.30204.135
MinimumVisualStudioVersion = 10.0.40219.1
Project("{9A19103F-16F7-4668-BE54-9A1E7A4F7556}") = "IpInfo", "src\IpInfo\IpInfo.csproj", "{65F058A0-B626-465D-A5AC-4ABF317F5EC9}"
EndProject
Project("{9A19103F-16F7-4668-BE54-9A1E7A4F7556}") = "IpInfo.IntegrationTests", "src\IpInfo.IntegrationTests\IpInfo.IntegrationTests.csproj", "{F8C7AA3F-1BC9-4930-8687-6C0EDCDF2889}"
EndProject
Project("{9A19103F-16F7-4668-BE54-9A1E7A4F7556}") = "IpInfo.Tests", "src\IpInfo.Tests\IpInfo.Tests.csproj", "{4CAF019A-7F0D-454B-9EAC-CF4722C3269F}"
EndProject
Project("{2150E333-8FDC-42A3-9474-1A3956D46DE8}") = "Solution Items", "Solution Items", "{E793AF18-4371-4EBD-96FC-195EB1798855}"
	ProjectSection(SolutionItems) = preProject
		.gitattributes = .gitattributes
		.gitignore = .gitignore
		.github\workflows\dotnetcore.yml = .github\workflows\dotnetcore.yml
		LICENSE = LICENSE
		docs\openapi.nswag = docs\openapi.nswag
		docs\openapi.yaml = docs\openapi.yaml
	EndProjectSection
EndProject
Global
	GlobalSection(SolutionConfigurationPlatforms) = preSolution
		Debug|Any CPU = Debug|Any CPU
		Release|Any CPU = Release|Any CPU
	EndGlobalSection
	GlobalSection(ProjectConfigurationPlatforms) = postSolution
		{65F058A0-B626-465D-A5AC-4ABF317F5EC9}.Debug|Any CPU.ActiveCfg = Debug|Any CPU
		{65F058A0-B626-465D-A5AC-4ABF317F5EC9}.Debug|Any CPU.Build.0 = Debug|Any CPU
		{65F058A0-B626-465D-A5AC-4ABF317F5EC9}.Release|Any CPU.ActiveCfg = Release|Any CPU
		{65F058A0-B626-465D-A5AC-4ABF317F5EC9}.Release|Any CPU.Build.0 = Release|Any CPU
		{F8C7AA3F-1BC9-4930-8687-6C0EDCDF2889}.Debug|Any CPU.ActiveCfg = Debug|Any CPU
		{F8C7AA3F-1BC9-4930-8687-6C0EDCDF2889}.Debug|Any CPU.Build.0 = Debug|Any CPU
		{F8C7AA3F-1BC9-4930-8687-6C0EDCDF2889}.Release|Any CPU.ActiveCfg = Release|Any CPU
		{F8C7AA3F-1BC9-4930-8687-6C0EDCDF2889}.Release|Any CPU.Build.0 = Release|Any CPU
		{4CAF019A-7F0D-454B-9EAC-CF4722C3269F}.Debug|Any CPU.ActiveCfg = Debug|Any CPU
		{4CAF019A-7F0D-454B-9EAC-CF4722C3269F}.Debug|Any CPU.Build.0 = Debug|Any CPU
		{4CAF019A-7F0D-454B-9EAC-CF4722C3269F}.Release|Any CPU.ActiveCfg = Release|Any CPU
		{4CAF019A-7F0D-454B-9EAC-CF4722C3269F}.Release|Any CPU.Build.0 = Release|Any CPU
	EndGlobalSection
	GlobalSection(SolutionProperties) = preSolution
		HideSolutionNode = FALSE
	EndGlobalSection
	GlobalSection(ExtensibilityGlobals) = postSolution
		SolutionGuid = {CED9A020-DBA5-4BE6-8096-75E528648EC1}
	EndGlobalSection
EndGlobal
